
Microsoft Visual Studio Solution File, Format Version 12.00
# Visual Studio 15
VisualStudioVersion = 15.0.28307.757
MinimumVisualStudioVersion = 10.0.40219.1
Project("{FAE04EC0-301F-11D3-BF4B-00C04F79EFBC}") = "Senai.Optus.WebApi", "Senai.Optus.WebApi\Senai.Optus.WebApi.csproj", "{DEC44025-B178-4AC5-AAB0-6E54510B3128}"
EndProject
Global
	GlobalSection(SolutionConfigurationPlatforms) = preSolution
		Debug|Any CPU = Debug|Any CPU
		Release|Any CPU = Release|Any CPU
	EndGlobalSection
	GlobalSection(ProjectConfigurationPlatforms) = postSolution
		{DEC44025-B178-4AC5-AAB0-6E54510B3128}.Debug|Any CPU.ActiveCfg = Debug|Any CPU
		{DEC44025-B178-4AC5-AAB0-6E54510B3128}.Debug|Any CPU.Build.0 = Debug|Any CPU
		{DEC44025-B178-4AC5-AAB0-6E54510B3128}.Release|Any CPU.ActiveCfg = Release|Any CPU
		{DEC44025-B178-4AC5-AAB0-6E54510B3128}.Release|Any CPU.Build.0 = Release|Any CPU
	EndGlobalSection
	GlobalSection(SolutionProperties) = preSolution
		HideSolutionNode = FALSE
	EndGlobalSection
	GlobalSection(ExtensibilityGlobals) = postSolution
		SolutionGuid = {8FB9C649-6F2D-4D0E-BD78-02F249AC3367}
	EndGlobalSection
EndGlobal
