
Microsoft Visual Studio Solution File, Format Version 12.00
# Visual Studio 15
VisualStudioVersion = 15.0.28307.757
MinimumVisualStudioVersion = 10.0.40219.1
Project("{FAE04EC0-301F-11D3-BF4B-00C04F79EFBC}") = "Senai.Peoples.WebApi", "Senai.Peoples.WebApi\Senai.Peoples.WebApi.csproj", "{66D11236-BBC1-4F38-BC6E-1D46709A30D5}"
EndProject
Global
	GlobalSection(SolutionConfigurationPlatforms) = preSolution
		Debug|Any CPU = Debug|Any CPU
		Release|Any CPU = Release|Any CPU
	EndGlobalSection
	GlobalSection(ProjectConfigurationPlatforms) = postSolution
		{66D11236-BBC1-4F38-BC6E-1D46709A30D5}.Debug|Any CPU.ActiveCfg = Debug|Any CPU
		{66D11236-BBC1-4F38-BC6E-1D46709A30D5}.Debug|Any CPU.Build.0 = Debug|Any CPU
		{66D11236-BBC1-4F38-BC6E-1D46709A30D5}.Release|Any CPU.ActiveCfg = Release|Any CPU
		{66D11236-BBC1-4F38-BC6E-1D46709A30D5}.Release|Any CPU.Build.0 = Release|Any CPU
	EndGlobalSection
	GlobalSection(SolutionProperties) = preSolution
		HideSolutionNode = FALSE
	EndGlobalSection
	GlobalSection(ExtensibilityGlobals) = postSolution
		SolutionGuid = {E61BA82B-601E-4602-853A-2F5D5BDD20CE}
	EndGlobalSection
EndGlobal
